
Microsoft Visual Studio Solution File, Format Version 12.00
# Visual Studio Version 17
VisualStudioVersion = 17.1.32319.34
MinimumVisualStudioVersion = 10.0.40219.1
Project("{FAE04EC0-301F-11D3-BF4B-00C04F79EFBC}") = "Movie Ecommerce", "Movie\Movie Ecommerce.csproj", "{AB00ED2C-1245-4118-B384-919F6609A427}"
EndProject
Global
	GlobalSection(SolutionConfigurationPlatforms) = preSolution
		Debug|Any CPU = Debug|Any CPU
		Release|Any CPU = Release|Any CPU
	EndGlobalSection
	GlobalSection(ProjectConfigurationPlatforms) = postSolution
		{AB00ED2C-1245-4118-B384-919F6609A427}.Debug|Any CPU.ActiveCfg = Debug|Any CPU
		{AB00ED2C-1245-4118-B384-919F6609A427}.Debug|Any CPU.Build.0 = Debug|Any CPU
		{AB00ED2C-1245-4118-B384-919F6609A427}.Release|Any CPU.ActiveCfg = Release|Any CPU
		{AB00ED2C-1245-4118-B384-919F6609A427}.Release|Any CPU.Build.0 = Release|Any CPU
	EndGlobalSection
	GlobalSection(SolutionProperties) = preSolution
		HideSolutionNode = FALSE
	EndGlobalSection
	GlobalSection(ExtensibilityGlobals) = postSolution
		SolutionGuid = {19515806-6C93-48D1-AFB0-E1458F59CFDD}
	EndGlobalSection
EndGlobal
